
Microsoft Visual Studio Solution File, Format Version 12.00
# Visual Studio Version 17
VisualStudioVersion = 17.10.35027.167
MinimumVisualStudioVersion = 10.0.40219.1
Project("{FAE04EC0-301F-11D3-BF4B-00C04F79EFBC}") = "API", "OnionStore\API.csproj", "{5F36A2B0-815A-432A-8CF9-DC45A5ED304C}"
EndProject
Global
	GlobalSection(SolutionConfigurationPlatforms) = preSolution
		Debug|Any CPU = Debug|Any CPU
		Release|Any CPU = Release|Any CPU
	EndGlobalSection
	GlobalSection(ProjectConfigurationPlatforms) = postSolution
		{5F36A2B0-815A-432A-8CF9-DC45A5ED304C}.Debug|Any CPU.ActiveCfg = Debug|Any CPU
		{5F36A2B0-815A-432A-8CF9-DC45A5ED304C}.Debug|Any CPU.Build.0 = Debug|Any CPU
		{5F36A2B0-815A-432A-8CF9-DC45A5ED304C}.Release|Any CPU.ActiveCfg = Release|Any CPU
		{5F36A2B0-815A-432A-8CF9-DC45A5ED304C}.Release|Any CPU.Build.0 = Release|Any CPU
	EndGlobalSection
	GlobalSection(SolutionProperties) = preSolution
		HideSolutionNode = FALSE
	EndGlobalSection
	GlobalSection(ExtensibilityGlobals) = postSolution
		SolutionGuid = {7546FD8E-AD10-4232-840A-CFE304A35F29}
	EndGlobalSection
EndGlobal
